
Microsoft Visual Studio Solution File, Format Version 12.00
# Visual Studio Version 17
VisualStudioVersion = 17.5.33530.505
MinimumVisualStudioVersion = 10.0.40219.1
Project("{9A19103F-16F7-4668-BE54-9A1E7A4F7556}") = "TurnosWeb.Api", "TurnosWeb.Api\TurnosWeb.Api.csproj", "{830D3727-875B-435B-B170-1C861FD46195}"
EndProject
Project("{00D1A9C2-B5F0-4AF3-8072-F6C62B433612}") = "TurnosWeb.Database", "TurnosWeb.Database\TurnosWeb.Database.sqlproj", "{6857DBA6-15CE-448F-825C-5BB444141AD5}"
EndProject
Project("{9A19103F-16F7-4668-BE54-9A1E7A4F7556}") = "TurnosWeb.Data", "TurnosWeb.Data\TurnosWeb.Data.csproj", "{4E588EA8-C1EA-4DF4-82B1-9FDB69F8181E}"
EndProject
Project("{9A19103F-16F7-4668-BE54-9A1E7A4F7556}") = "TurnosWeb.Services", "TurnosWeb.Services\TurnosWeb.Services.csproj", "{91D10821-209E-47B4-A689-42724CCC7305}"
EndProject
Project("{FAE04EC0-301F-11D3-BF4B-00C04F79EFBC}") = "TurnosWeb.Core", "TurnosWeb.Core\TurnosWeb.Core.csproj", "{9E54A8DE-A6E4-4B2F-AD7E-CDB8E130C3BF}"
EndProject
Global
	GlobalSection(SolutionConfigurationPlatforms) = preSolution
		Debug|Any CPU = Debug|Any CPU
		Release|Any CPU = Release|Any CPU
	EndGlobalSection
	GlobalSection(ProjectConfigurationPlatforms) = postSolution
		{830D3727-875B-435B-B170-1C861FD46195}.Debug|Any CPU.ActiveCfg = Debug|Any CPU
		{830D3727-875B-435B-B170-1C861FD46195}.Debug|Any CPU.Build.0 = Debug|Any CPU
		{830D3727-875B-435B-B170-1C861FD46195}.Release|Any CPU.ActiveCfg = Release|Any CPU
		{830D3727-875B-435B-B170-1C861FD46195}.Release|Any CPU.Build.0 = Release|Any CPU
		{6857DBA6-15CE-448F-825C-5BB444141AD5}.Debug|Any CPU.ActiveCfg = Debug|Any CPU
		{6857DBA6-15CE-448F-825C-5BB444141AD5}.Debug|Any CPU.Build.0 = Debug|Any CPU
		{6857DBA6-15CE-448F-825C-5BB444141AD5}.Debug|Any CPU.Deploy.0 = Debug|Any CPU
		{6857DBA6-15CE-448F-825C-5BB444141AD5}.Release|Any CPU.ActiveCfg = Release|Any CPU
		{6857DBA6-15CE-448F-825C-5BB444141AD5}.Release|Any CPU.Build.0 = Release|Any CPU
		{6857DBA6-15CE-448F-825C-5BB444141AD5}.Release|Any CPU.Deploy.0 = Release|Any CPU
		{4E588EA8-C1EA-4DF4-82B1-9FDB69F8181E}.Debug|Any CPU.ActiveCfg = Debug|Any CPU
		{4E588EA8-C1EA-4DF4-82B1-9FDB69F8181E}.Debug|Any CPU.Build.0 = Debug|Any CPU
		{4E588EA8-C1EA-4DF4-82B1-9FDB69F8181E}.Release|Any CPU.ActiveCfg = Release|Any CPU
		{4E588EA8-C1EA-4DF4-82B1-9FDB69F8181E}.Release|Any CPU.Build.0 = Release|Any CPU
		{91D10821-209E-47B4-A689-42724CCC7305}.Debug|Any CPU.ActiveCfg = Debug|Any CPU
		{91D10821-209E-47B4-A689-42724CCC7305}.Debug|Any CPU.Build.0 = Debug|Any CPU
		{91D10821-209E-47B4-A689-42724CCC7305}.Release|Any CPU.ActiveCfg = Release|Any CPU
		{91D10821-209E-47B4-A689-42724CCC7305}.Release|Any CPU.Build.0 = Release|Any CPU
		{9E54A8DE-A6E4-4B2F-AD7E-CDB8E130C3BF}.Debug|Any CPU.ActiveCfg = Debug|Any CPU
		{9E54A8DE-A6E4-4B2F-AD7E-CDB8E130C3BF}.Debug|Any CPU.Build.0 = Debug|Any CPU
		{9E54A8DE-A6E4-4B2F-AD7E-CDB8E130C3BF}.Release|Any CPU.ActiveCfg = Release|Any CPU
		{9E54A8DE-A6E4-4B2F-AD7E-CDB8E130C3BF}.Release|Any CPU.Build.0 = Release|Any CPU
	EndGlobalSection
	GlobalSection(SolutionProperties) = preSolution
		HideSolutionNode = FALSE
	EndGlobalSection
	GlobalSection(ExtensibilityGlobals) = postSolution
		SolutionGuid = {2BB84AB4-99D6-4B3E-A9BB-737AC1DE3DD3}
	EndGlobalSection
EndGlobal
